
Microsoft Visual Studio Solution File, Format Version 12.00
# Visual Studio Version 17
VisualStudioVersion = 17.8.34330.188
MinimumVisualStudioVersion = 10.0.40219.1
Project("{FAE04EC0-301F-11D3-BF4B-00C04F79EFBC}") = "eTickets", "eTickets\eTickets.csproj", "{B0D070A7-F374-493C-859E-63694A4F9A65}"
EndProject
Global
	GlobalSection(SolutionConfigurationPlatforms) = preSolution
		Debug|Any CPU = Debug|Any CPU
		Release|Any CPU = Release|Any CPU
	EndGlobalSection
	GlobalSection(ProjectConfigurationPlatforms) = postSolution
		{B0D070A7-F374-493C-859E-63694A4F9A65}.Debug|Any CPU.ActiveCfg = Debug|Any CPU
		{B0D070A7-F374-493C-859E-63694A4F9A65}.Debug|Any CPU.Build.0 = Debug|Any CPU
		{B0D070A7-F374-493C-859E-63694A4F9A65}.Release|Any CPU.ActiveCfg = Release|Any CPU
		{B0D070A7-F374-493C-859E-63694A4F9A65}.Release|Any CPU.Build.0 = Release|Any CPU
	EndGlobalSection
	GlobalSection(SolutionProperties) = preSolution
		HideSolutionNode = FALSE
	EndGlobalSection
	GlobalSection(ExtensibilityGlobals) = postSolution
		SolutionGuid = {D8D5FE96-3B1F-470A-8D9D-8C14E89ACCCC}
	EndGlobalSection
EndGlobal
